
Microsoft Visual Studio Solution File, Format Version 12.00
# Visual Studio Version 17
VisualStudioVersion = 17.11.35219.272
MinimumVisualStudioVersion = 10.0.40219.1
Project("{FAE04EC0-301F-11D3-BF4B-00C04F79EFBC}") = "TranslatorLogSifter", "TranslatorLogSifter\TranslatorLogSifter.csproj", "{07F1D19E-7FBF-47ED-A9DD-BBEF0CE463FE}"
EndProject
Project("{FAE04EC0-301F-11D3-BF4B-00C04F79EFBC}") = "Tests", "Tests\Tests.csproj", "{5BEFDE14-F35F-486C-8181-E114361F9D6C}"
EndProject
Global
	GlobalSection(SolutionConfigurationPlatforms) = preSolution
		Debug|Any CPU = Debug|Any CPU
		Release|Any CPU = Release|Any CPU
	EndGlobalSection
	GlobalSection(ProjectConfigurationPlatforms) = postSolution
		{07F1D19E-7FBF-47ED-A9DD-BBEF0CE463FE}.Debug|Any CPU.ActiveCfg = Debug|Any CPU
		{07F1D19E-7FBF-47ED-A9DD-BBEF0CE463FE}.Debug|Any CPU.Build.0 = Debug|Any CPU
		{07F1D19E-7FBF-47ED-A9DD-BBEF0CE463FE}.Release|Any CPU.ActiveCfg = Release|Any CPU
		{07F1D19E-7FBF-47ED-A9DD-BBEF0CE463FE}.Release|Any CPU.Build.0 = Release|Any CPU
		{5BEFDE14-F35F-486C-8181-E114361F9D6C}.Debug|Any CPU.ActiveCfg = Debug|Any CPU
		{5BEFDE14-F35F-486C-8181-E114361F9D6C}.Debug|Any CPU.Build.0 = Debug|Any CPU
		{5BEFDE14-F35F-486C-8181-E114361F9D6C}.Release|Any CPU.ActiveCfg = Release|Any CPU
		{5BEFDE14-F35F-486C-8181-E114361F9D6C}.Release|Any CPU.Build.0 = Release|Any CPU
	EndGlobalSection
	GlobalSection(SolutionProperties) = preSolution
		HideSolutionNode = FALSE
	EndGlobalSection
	GlobalSection(ExtensibilityGlobals) = postSolution
		SolutionGuid = {5704BD2E-E86E-4B27-BB78-7D68C35C210E}
	EndGlobalSection
EndGlobal
